
Microsoft Visual Studio Solution File, Format Version 12.00
# Visual Studio Version 16
VisualStudioVersion = 16.0.29728.190
MinimumVisualStudioVersion = 10.0.40219.1
Project("{9A19103F-16F7-4668-BE54-9A1E7A4F7556}") = "YouTubeManagerByFerJS", "YouTubeManagerByFerJS\YouTubeManagerByFerJS.csproj", "{6B9BF9E3-3AD0-4BDB-9980-28D27713F565}"
EndProject
Project("{9A19103F-16F7-4668-BE54-9A1E7A4F7556}") = "YouTubeManagerByFerJS.Data", "YouTubeManagerByFerJS.Data\YouTubeManagerByFerJS.Data.csproj", "{270A2A3C-F30D-4AD4-9CC9-C9341369B00A}"
EndProject
Project("{9A19103F-16F7-4668-BE54-9A1E7A4F7556}") = "YouTubeManagerByFerJS.ExternalService", "YouTubeManagerByFerJS.ExternalService\YouTubeManagerByFerJS.ExternalService.csproj", "{B46BF3D3-8B7F-4968-B570-67CAA523587E}"
EndProject
Project("{9A19103F-16F7-4668-BE54-9A1E7A4F7556}") = "YouTubeManagerByFerJS.Domain", "YouTubeManagerByFerJS.Domain\YouTubeManagerByFerJS.Domain.csproj", "{7C5D68CD-2A95-474D-BB58-2D0711A735DD}"
EndProject
Project("{FAE04EC0-301F-11D3-BF4B-00C04F79EFBC}") = "YouTubeManagerByFerJS.Test", "YouTubeManagerByFerJS.Test\YouTubeManagerByFerJS.Test.csproj", "{EF8CCFAB-CCE9-40E2-8C83-53E34A0AE6C1}"
EndProject
Global
	GlobalSection(SolutionConfigurationPlatforms) = preSolution
		Debug|Any CPU = Debug|Any CPU
		Release|Any CPU = Release|Any CPU
	EndGlobalSection
	GlobalSection(ProjectConfigurationPlatforms) = postSolution
		{6B9BF9E3-3AD0-4BDB-9980-28D27713F565}.Debug|Any CPU.ActiveCfg = Debug|Any CPU
		{6B9BF9E3-3AD0-4BDB-9980-28D27713F565}.Debug|Any CPU.Build.0 = Debug|Any CPU
		{6B9BF9E3-3AD0-4BDB-9980-28D27713F565}.Release|Any CPU.ActiveCfg = Release|Any CPU
		{6B9BF9E3-3AD0-4BDB-9980-28D27713F565}.Release|Any CPU.Build.0 = Release|Any CPU
		{270A2A3C-F30D-4AD4-9CC9-C9341369B00A}.Debug|Any CPU.ActiveCfg = Debug|Any CPU
		{270A2A3C-F30D-4AD4-9CC9-C9341369B00A}.Debug|Any CPU.Build.0 = Debug|Any CPU
		{270A2A3C-F30D-4AD4-9CC9-C9341369B00A}.Release|Any CPU.ActiveCfg = Release|Any CPU
		{270A2A3C-F30D-4AD4-9CC9-C9341369B00A}.Release|Any CPU.Build.0 = Release|Any CPU
		{B46BF3D3-8B7F-4968-B570-67CAA523587E}.Debug|Any CPU.ActiveCfg = Debug|Any CPU
		{B46BF3D3-8B7F-4968-B570-67CAA523587E}.Debug|Any CPU.Build.0 = Debug|Any CPU
		{B46BF3D3-8B7F-4968-B570-67CAA523587E}.Release|Any CPU.ActiveCfg = Release|Any CPU
		{B46BF3D3-8B7F-4968-B570-67CAA523587E}.Release|Any CPU.Build.0 = Release|Any CPU
		{7C5D68CD-2A95-474D-BB58-2D0711A735DD}.Debug|Any CPU.ActiveCfg = Debug|Any CPU
		{7C5D68CD-2A95-474D-BB58-2D0711A735DD}.Debug|Any CPU.Build.0 = Debug|Any CPU
		{7C5D68CD-2A95-474D-BB58-2D0711A735DD}.Release|Any CPU.ActiveCfg = Release|Any CPU
		{7C5D68CD-2A95-474D-BB58-2D0711A735DD}.Release|Any CPU.Build.0 = Release|Any CPU
		{EF8CCFAB-CCE9-40E2-8C83-53E34A0AE6C1}.Debug|Any CPU.ActiveCfg = Debug|Any CPU
		{EF8CCFAB-CCE9-40E2-8C83-53E34A0AE6C1}.Debug|Any CPU.Build.0 = Debug|Any CPU
		{EF8CCFAB-CCE9-40E2-8C83-53E34A0AE6C1}.Release|Any CPU.ActiveCfg = Release|Any CPU
		{EF8CCFAB-CCE9-40E2-8C83-53E34A0AE6C1}.Release|Any CPU.Build.0 = Release|Any CPU
	EndGlobalSection
	GlobalSection(SolutionProperties) = preSolution
		HideSolutionNode = FALSE
	EndGlobalSection
	GlobalSection(ExtensibilityGlobals) = postSolution
		SolutionGuid = {4F5ABF09-10EF-41B5-91CF-A21282C26E6C}
	EndGlobalSection
EndGlobal
