
Microsoft Visual Studio Solution File, Format Version 12.00
# Visual Studio Version 16
VisualStudioVersion = 16.0.29728.190
MinimumVisualStudioVersion = 10.0.40219.1
Project("{9A19103F-16F7-4668-BE54-9A1E7A4F7556}") = "YouTubeManagerByFerJS", "YouTubeManagerByFerJS\YouTubeManagerByFerJS.csproj", "{6B9BF9E3-3AD0-4BDB-9980-28D27713F565}"
EndProject
Project("{FAE04EC0-301F-11D3-BF4B-00C04F79EFBC}") = "YouTubeManagerByFerJS.Domain", "YouTubeManagerByFerJS.Domain\YouTubeManagerByFerJS.Domain.csproj", "{A2D51AE3-A1C1-411F-85AC-8C19F4F3E3D2}"
EndProject
Project("{FAE04EC0-301F-11D3-BF4B-00C04F79EFBC}") = "YouTubeManagerByFerJS.Data", "YouTubeManagerByFerJS.Data\YouTubeManagerByFerJS.Data.csproj", "{30210483-1DA7-4AA5-858B-37DB48756987}"
EndProject
Project("{FAE04EC0-301F-11D3-BF4B-00C04F79EFBC}") = "YouTubeManagerByFerJS.ExternalService", "YouTubeManagerByFerJS.ExternalService\YouTubeManagerByFerJS.ExternalService.csproj", "{616DCE63-8E3E-485C-B937-39DCC04B7458}"
EndProject
Project("{FAE04EC0-301F-11D3-BF4B-00C04F79EFBC}") = "YouTubeManagerByFerJS.Test", "YouTubeManagerByFerJS.Test\YouTubeManagerByFerJS.Test.csproj", "{C9BED3D3-38BF-4C02-9C89-11BA726FE6B0}"
EndProject
Global
	GlobalSection(SolutionConfigurationPlatforms) = preSolution
		Debug|Any CPU = Debug|Any CPU
		Release|Any CPU = Release|Any CPU
	EndGlobalSection
	GlobalSection(ProjectConfigurationPlatforms) = postSolution
		{6B9BF9E3-3AD0-4BDB-9980-28D27713F565}.Debug|Any CPU.ActiveCfg = Debug|Any CPU
		{6B9BF9E3-3AD0-4BDB-9980-28D27713F565}.Debug|Any CPU.Build.0 = Debug|Any CPU
		{6B9BF9E3-3AD0-4BDB-9980-28D27713F565}.Release|Any CPU.ActiveCfg = Release|Any CPU
		{6B9BF9E3-3AD0-4BDB-9980-28D27713F565}.Release|Any CPU.Build.0 = Release|Any CPU
		{A2D51AE3-A1C1-411F-85AC-8C19F4F3E3D2}.Debug|Any CPU.ActiveCfg = Debug|Any CPU
		{A2D51AE3-A1C1-411F-85AC-8C19F4F3E3D2}.Debug|Any CPU.Build.0 = Debug|Any CPU
		{A2D51AE3-A1C1-411F-85AC-8C19F4F3E3D2}.Release|Any CPU.ActiveCfg = Release|Any CPU
		{A2D51AE3-A1C1-411F-85AC-8C19F4F3E3D2}.Release|Any CPU.Build.0 = Release|Any CPU
		{30210483-1DA7-4AA5-858B-37DB48756987}.Debug|Any CPU.ActiveCfg = Debug|Any CPU
		{30210483-1DA7-4AA5-858B-37DB48756987}.Debug|Any CPU.Build.0 = Debug|Any CPU
		{30210483-1DA7-4AA5-858B-37DB48756987}.Release|Any CPU.ActiveCfg = Release|Any CPU
		{30210483-1DA7-4AA5-858B-37DB48756987}.Release|Any CPU.Build.0 = Release|Any CPU
		{616DCE63-8E3E-485C-B937-39DCC04B7458}.Debug|Any CPU.ActiveCfg = Debug|Any CPU
		{616DCE63-8E3E-485C-B937-39DCC04B7458}.Debug|Any CPU.Build.0 = Debug|Any CPU
		{616DCE63-8E3E-485C-B937-39DCC04B7458}.Release|Any CPU.ActiveCfg = Release|Any CPU
		{616DCE63-8E3E-485C-B937-39DCC04B7458}.Release|Any CPU.Build.0 = Release|Any CPU
		{C9BED3D3-38BF-4C02-9C89-11BA726FE6B0}.Debug|Any CPU.ActiveCfg = Debug|Any CPU
		{C9BED3D3-38BF-4C02-9C89-11BA726FE6B0}.Debug|Any CPU.Build.0 = Debug|Any CPU
		{C9BED3D3-38BF-4C02-9C89-11BA726FE6B0}.Release|Any CPU.ActiveCfg = Release|Any CPU
		{C9BED3D3-38BF-4C02-9C89-11BA726FE6B0}.Release|Any CPU.Build.0 = Release|Any CPU
	EndGlobalSection
	GlobalSection(SolutionProperties) = preSolution
		HideSolutionNode = FALSE
	EndGlobalSection
	GlobalSection(ExtensibilityGlobals) = postSolution
		SolutionGuid = {4F5ABF09-10EF-41B5-91CF-A21282C26E6C}
	EndGlobalSection
EndGlobal
